<?xml version="1.0" encoding="utf-8"?>
<Project ToolsVersion="4.0" xmlns="http://schemas.microsoft.com/developer/msbuild/2003">
  <ItemGroup>
    <Filter Include="Source Files">
      <UniqueIdentifier>{4FC737F1-C7A5-4376-A066-2A32D752A2FF}</UniqueIdentifier>
      <Extensions>cpp;c;cc;cxx;c++;cppm;ixx;def;odl;idl;hpj;bat;asm;asmx</Extensions>
    </Filter>
    <Filter Include="Header Files">
      <UniqueIdentifier>{93995380-89BD-4b04-88EB-625FBE52EBFB}</UniqueIdentifier>
      <Extensions>h;hh;hpp;hxx;h++;hm;inl;inc;ipp;xsd</Extensions>
    </Filter>
    <Filter Include="Resource Files">
      <UniqueIdentifier>{67DA6AB6-F800-4c08-8B7A-83BB121AAD01}</UniqueIdentifier>
      <Extensions>rc;ico;cur;bmp;dlg;rc2;rct;bin;rgs;gif;jpg;jpeg;jpe;resx;tiff;tif;png;wav;mfcribbon-ms</Extensions>
    </Filter>
    <Filter Include="Source Files\indicator">
      <UniqueIdentifier>{e524b4a7-89c3-40f6-ad26-451726e500a8}</UniqueIdentifier>
    </Filter>
    <Filter Include="Source Files\helper">
      <UniqueIdentifier>{9f23b6f6-95b7-42bb-a09e-ad5f0a2bfb72}</UniqueIdentifier>
    </Filter>
    <Filter Include="Source Files\threads">
      <UniqueIdentifier>{b7183c4a-4181-46c8-a031-b3388b96bbbc}</UniqueIdentifier>
    </Filter>
    <Filter Include="Header Files\indicator">
      <UniqueIdentifier>{e8e5089b-6343-4c77-b44c-2afd328ce933}</UniqueIdentifier>
    </Filter>
    <Filter Include="Header Files\helper">
      <UniqueIdentifier>{7fff3003-375e-420c-859f-7857cf9906c5}</UniqueIdentifier>
    </Filter>
    <Filter Include="Header Files\threads">
      <UniqueIdentifier>{3b82405d-6083-4f2e-899a-bff63f685b05}</UniqueIdentifier>
    </Filter>
    <Filter Include="Header Files\settings">
      <UniqueIdentifier>{c2525a72-4479-4a39-9d39-2f9b874eafb4}</UniqueIdentifier>
    </Filter>
    <Filter Include="Source Files\settings">
      <UniqueIdentifier>{a872db26-3cd5-4477-90db-cb714c5a4df3}</UniqueIdentifier>
    </Filter>
  </ItemGroup>
  <ItemGroup>
    <ClCompile Include="main.cpp">
      <Filter>Source Files</Filter>
    </ClCompile>
    <ClCompile Include="threads.cpp">
      <Filter>Source Files\threads</Filter>
    </ClCompile>
    <ClCompile Include="helper.cpp">
      <Filter>Source Files\helper</Filter>
    </ClCompile>
    <ClCompile Include="indicator.cpp">
      <Filter>Source Files\indicator</Filter>
    </ClCompile>
    <ClCompile Include="console.cpp">
      <Filter>Source Files\threads</Filter>
    </ClCompile>
    <ClCompile Include="logging.cpp">
      <Filter>Source Files\helper</Filter>
    </ClCompile>
    <ClCompile Include="settings.cpp">
      <Filter>Source Files\settings</Filter>
    </ClCompile>
  </ItemGroup>
  <ItemGroup>
    <ClInclude Include="includes.h">
      <Filter>Header Files</Filter>
    </ClInclude>
    <ClInclude Include="indicator.h">
      <Filter>Header Files\indicator</Filter>
    </ClInclude>
    <ClInclude Include="helper.h">
      <Filter>Header Files\helper</Filter>
    </ClInclude>
    <ClInclude Include="threads.h">
      <Filter>Header Files\threads</Filter>
    </ClInclude>
    <ClInclude Include="struct.h">
      <Filter>Header Files\helper</Filter>
    </ClInclude>
    <ClInclude Include="console.h">
      <Filter>Header Files\threads</Filter>
    </ClInclude>
    <ClInclude Include="TextTable.h">
      <Filter>Header Files\helper</Filter>
    </ClInclude>
    <ClInclude Include="logging.h">
      <Filter>Header Files\helper</Filter>
    </ClInclude>
    <ClInclude Include="settings.h">
      <Filter>Header Files\settings</Filter>
    </ClInclude>
  </ItemGroup>
</Project>